// !$*UTF8*$!
{
	archiveVersion = 1;
	classes = {
	};
	objectVersion = 48;
	objects = {

/* Begin PBXBuildFile section */
		52DB74101FEBAA7B009E9289 /* AppDelegate.swift in Sources */ = {isa = PBXBuildFile; fileRef = 52DB740F1FEBAA7B009E9289 /* AppDelegate.swift */; };
		52DB74121FEBAA7B009E9289 /* ViewController.swift in Sources */ = {isa = PBXBuildFile; fileRef = 52DB74111FEBAA7B009E9289 /* ViewController.swift */; };
		52DB74151FEBAA7B009E9289 /* Main.storyboard in Resources */ = {isa = PBXBuildFile; fileRef = 52DB74131FEBAA7B009E9289 /* Main.storyboard */; };
		52DB74181FEBAA7B009E9289 /* DreamLister.xcdatamodeld in Sources */ = {isa = PBXBuildFile; fileRef = 52DB74161FEBAA7B009E9289 /* DreamLister.xcdatamodeld */; };
		52DB741A1FEBAA7B009E9289 /* Assets.xcassets in Resources */ = {isa = PBXBuildFile; fileRef = 52DB74191FEBAA7B009E9289 /* Assets.xcassets */; };
		52DB741D1FEBAA7B009E9289 /* LaunchScreen.storyboard in Resources */ = {isa = PBXBuildFile; fileRef = 52DB741B1FEBAA7B009E9289 /* LaunchScreen.storyboard */; };
		52DB742C1FEBB03A009E9289 /* Item+CoreDataClass.swift in Sources */ = {isa = PBXBuildFile; fileRef = 52DB74241FEBB03A009E9289 /* Item+CoreDataClass.swift */; };
		52DB742D1FEBB03A009E9289 /* Item+CoreDataProperties.swift in Sources */ = {isa = PBXBuildFile; fileRef = 52DB74251FEBB03A009E9289 /* Item+CoreDataProperties.swift */; };
		52DB742E1FEBB03A009E9289 /* ItemType+CoreDataClass.swift in Sources */ = {isa = PBXBuildFile; fileRef = 52DB74261FEBB03A009E9289 /* ItemType+CoreDataClass.swift */; };
		52DB742F1FEBB03A009E9289 /* ItemType+CoreDataProperties.swift in Sources */ = {isa = PBXBuildFile; fileRef = 52DB74271FEBB03A009E9289 /* ItemType+CoreDataProperties.swift */; };
		52DB74301FEBB03A009E9289 /* Store+CoreDataClass.swift in Sources */ = {isa = PBXBuildFile; fileRef = 52DB74281FEBB03A009E9289 /* Store+CoreDataClass.swift */; };
		52DB74311FEBB03A009E9289 /* Store+CoreDataProperties.swift in Sources */ = {isa = PBXBuildFile; fileRef = 52DB74291FEBB03A009E9289 /* Store+CoreDataProperties.swift */; };
		52DB74321FEBB03A009E9289 /* Image+CoreDataClass.swift in Sources */ = {isa = PBXBuildFile; fileRef = 52DB742A1FEBB03A009E9289 /* Image+CoreDataClass.swift */; };
		52DB74331FEBB03A009E9289 /* Image+CoreDataProperties.swift in Sources */ = {isa = PBXBuildFile; fileRef = 52DB742B1FEBB03A009E9289 /* Image+CoreDataProperties.swift */; };
/* End PBXBuildFile section */

/* Begin PBXFileReference section */
		52DB740C1FEBAA7B009E9289 /* DreamLister.app */ = {isa = PBXFileReference; explicitFileType = wrapper.application; includeInIndex = 0; path = DreamLister.app; sourceTree = BUILT_PRODUCTS_DIR; };
		52DB740F1FEBAA7B009E9289 /* AppDelegate.swift */ = {isa = PBXFileReference; lastKnownFileType = sourcecode.swift; path = AppDelegate.swift; sourceTree = "<group>"; };
		52DB74111FEBAA7B009E9289 /* ViewController.swift */ = {isa = PBXFileReference; lastKnownFileType = sourcecode.swift; path = ViewController.swift; sourceTree = "<group>"; };
		52DB74141FEBAA7B009E9289 /* Base */ = {isa = PBXFileReference; lastKnownFileType = file.storyboard; name = Base; path = Base.lproj/Main.storyboard; sourceTree = "<group>"; };
		52DB74171FEBAA7B009E9289 /* DreamLister.xcdatamodel */ = {isa = PBXFileReference; lastKnownFileType = wrapper.xcdatamodel; path = DreamLister.xcdatamodel; sourceTree = "<group>"; };
		52DB74191FEBAA7B009E9289 /* Assets.xcassets */ = {isa = PBXFileReference; lastKnownFileType = folder.assetcatalog; path = Assets.xcassets; sourceTree = "<group>"; };
		52DB741C1FEBAA7B009E9289 /* Base */ = {isa = PBXFileReference; lastKnownFileType = file.storyboard; name = Base; path = Base.lproj/LaunchScreen.storyboard; sourceTree = "<group>"; };
		52DB741E1FEBAA7B009E9289 /* Info.plist */ = {isa = PBXFileReference; lastKnownFileType = text.plist.xml; path = Info.plist; sourceTree = "<group>"; };
		52DB74241FEBB03A009E9289 /* Item+CoreDataClass.swift */ = {isa = PBXFileReference; lastKnownFileType = sourcecode.swift; path = "Item+CoreDataClass.swift"; sourceTree = "<group>"; };
		52DB74251FEBB03A009E9289 /* Item+CoreDataProperties.swift */ = {isa = PBXFileReference; lastKnownFileType = sourcecode.swift; path = "Item+CoreDataProperties.swift"; sourceTree = "<group>"; };
		52DB74261FEBB03A009E9289 /* ItemType+CoreDataClass.swift */ = {isa = PBXFileReference; lastKnownFileType = sourcecode.swift; path = "ItemType+CoreDataClass.swift"; sourceTree = "<group>"; };
		52DB74271FEBB03A009E9289 /* ItemType+CoreDataProperties.swift */ = {isa = PBXFileReference; lastKnownFileType = sourcecode.swift; path = "ItemType+CoreDataProperties.swift"; sourceTree = "<group>"; };
		52DB74281FEBB03A009E9289 /* Store+CoreDataClass.swift */ = {isa = PBXFileReference; lastKnownFileType = sourcecode.swift; path = "Store+CoreDataClass.swift"; sourceTree = "<group>"; };
		52DB74291FEBB03A009E9289 /* Store+CoreDataProperties.swift */ = {isa = PBXFileReference; lastKnownFileType = sourcecode.swift; path = "Store+CoreDataProperties.swift"; sourceTree = "<group>"; };
		52DB742A1FEBB03A009E9289 /* Image+CoreDataClass.swift */ = {isa = PBXFileReference; lastKnownFileType = sourcecode.swift; path = "Image+CoreDataClass.swift"; sourceTree = "<group>"; };
		52DB742B1FEBB03A009E9289 /* Image+CoreDataProperties.swift */ = {isa = PBXFileReference; lastKnownFileType = sourcecode.swift; path = "Image+CoreDataProperties.swift"; sourceTree = "<group>"; };
/* End PBXFileReference section */

/* Begin PBXFrameworksBuildPhase section */
		52DB74091FEBAA7A009E9289 /* Frameworks */ = {
			isa = PBXFrameworksBuildPhase;
			buildActionMask = 2147483647;
			files = (
			);
			runOnlyForDeploymentPostprocessing = 0;
		};
/* End PBXFrameworksBuildPhase section */

/* Begin PBXGroup section */
		52DB74031FEBAA7A009E9289 = {
			isa = PBXGroup;
			children = (
				52DB740E1FEBAA7B009E9289 /* DreamLister */,
				52DB740D1FEBAA7B009E9289 /* Products */,
			);
			sourceTree = "<group>";
		};
		52DB740D1FEBAA7B009E9289 /* Products */ = {
			isa = PBXGroup;
			children = (
				52DB740C1FEBAA7B009E9289 /* DreamLister.app */,
			);
			name = Products;
			sourceTree = "<group>";
		};
		52DB740E1FEBAA7B009E9289 /* DreamLister */ = {
			isa = PBXGroup;
			children = (
				52DB74341FEBB082009E9289 /* Model */,
				52DB740F1FEBAA7B009E9289 /* AppDelegate.swift */,
				52DB74111FEBAA7B009E9289 /* ViewController.swift */,
				52DB74131FEBAA7B009E9289 /* Main.storyboard */,
				52DB74191FEBAA7B009E9289 /* Assets.xcassets */,
				52DB741B1FEBAA7B009E9289 /* LaunchScreen.storyboard */,
				52DB741E1FEBAA7B009E9289 /* Info.plist */,
				52DB74161FEBAA7B009E9289 /* DreamLister.xcdatamodeld */,
			);
			path = DreamLister;
			sourceTree = "<group>";
		};
		52DB74341FEBB082009E9289 /* Model */ = {
			isa = PBXGroup;
			children = (
				52DB74241FEBB03A009E9289 /* Item+CoreDataClass.swift */,
				52DB74261FEBB03A009E9289 /* ItemType+CoreDataClass.swift */,
				52DB74281FEBB03A009E9289 /* Store+CoreDataClass.swift */,
				52DB742A1FEBB03A009E9289 /* Image+CoreDataClass.swift */,
				52DB74351FEBB089009E9289 /* Generated */,
			);
			path = Model;
			sourceTree = "<group>";
		};
		52DB74351FEBB089009E9289 /* Generated */ = {
			isa = PBXGroup;
			children = (
				52DB74251FEBB03A009E9289 /* Item+CoreDataProperties.swift */,
				52DB74271FEBB03A009E9289 /* ItemType+CoreDataProperties.swift */,
				52DB74291FEBB03A009E9289 /* Store+CoreDataProperties.swift */,
				52DB742B1FEBB03A009E9289 /* Image+CoreDataProperties.swift */,
			);
			path = Generated;
			sourceTree = "<group>";
		};
/* End PBXGroup section */

/* Begin PBXNativeTarget section */
		52DB740B1FEBAA7A009E9289 /* DreamLister */ = {
			isa = PBXNativeTarget;
			buildConfigurationList = 52DB74211FEBAA7B009E9289 /* Build configuration list for PBXNativeTarget "DreamLister" */;
			buildPhases = (
				52DB74081FEBAA7A009E9289 /* Sources */,
				52DB74091FEBAA7A009E9289 /* Frameworks */,
				52DB740A1FEBAA7A009E9289 /* Resources */,
			);
			buildRules = (
			);
			dependencies = (
			);
			name = DreamLister;
			productName = DreamLister;
			productReference = 52DB740C1FEBAA7B009E9289 /* DreamLister.app */;
			productType = "com.apple.product-type.application";
		};
/* End PBXNativeTarget section */

/* Begin PBXProject section */
		52DB74041FEBAA7A009E9289 /* Project object */ = {
			isa = PBXProject;
			attributes = {
				LastSwiftUpdateCheck = 0920;
				LastUpgradeCheck = 0920;
				ORGANIZATIONNAME = "Mikko Rouru";
				TargetAttributes = {
					52DB740B1FEBAA7A009E9289 = {
						CreatedOnToolsVersion = 9.2;
						ProvisioningStyle = Automatic;
					};
				};
			};
			buildConfigurationList = 52DB74071FEBAA7A009E9289 /* Build configuration list for PBXProject "DreamLister" */;
			compatibilityVersion = "Xcode 8.0";
			developmentRegion = en;
			hasScannedForEncodings = 0;
			knownRegions = (
				en,
				Base,
			);
			mainGroup = 52DB74031FEBAA7A009E9289;
			productRefGroup = 52DB740D1FEBAA7B009E9289 /* Products */;
			projectDirPath = "";
			projectRoot = "";
			targets = (
				52DB740B1FEBAA7A009E9289 /* DreamLister */,
			);
		};
/* End PBXProject section */

/* Begin PBXResourcesBuildPhase section */
		52DB740A1FEBAA7A009E9289 /* Resources */ = {
			isa = PBXResourcesBuildPhase;
			buildActionMask = 2147483647;
			files = (
				52DB741D1FEBAA7B009E9289 /* LaunchScreen.storyboard in Resources */,
				52DB741A1FEBAA7B009E9289 /* Assets.xcassets in Resources */,
				52DB74151FEBAA7B009E9289 /* Main.storyboard in Resources */,
			);
			runOnlyForDeploymentPostprocessing = 0;
		};
/* End PBXResourcesBuildPhase section */

/* Begin PBXSourcesBuildPhase section */
		52DB74081FEBAA7A009E9289 /* Sources */ = {
			isa = PBXSourcesBuildPhase;
			buildActionMask = 2147483647;
			files = (
				52DB742E1FEBB03A009E9289 /* ItemType+CoreDataClass.swift in Sources */,
				52DB74121FEBAA7B009E9289 /* ViewController.swift in Sources */,
				52DB74101FEBAA7B009E9289 /* AppDelegate.swift in Sources */,
				52DB742C1FEBB03A009E9289 /* Item+CoreDataClass.swift in Sources */,
				52DB74311FEBB03A009E9289 /* Store+CoreDataProperties.swift in Sources */,
				52DB74181FEBAA7B009E9289 /* DreamLister.xcdatamodeld in Sources */,
				52DB74301FEBB03A009E9289 /* Store+CoreDataClass.swift in Sources */,
				52DB742F1FEBB03A009E9289 /* ItemType+CoreDataProperties.swift in Sources */,
				52DB742D1FEBB03A009E9289 /* Item+CoreDataProperties.swift in Sources */,
				52DB74321FEBB03A009E9289 /* Image+CoreDataClass.swift in Sources */,
				52DB74331FEBB03A009E9289 /* Image+CoreDataProperties.swift in Sources */,
			);
			runOnlyForDeploymentPostprocessing = 0;
		};
/* End PBXSourcesBuildPhase section */

/* Begin PBXVariantGroup section */
		52DB74131FEBAA7B009E9289 /* Main.storyboard */ = {
			isa = PBXVariantGroup;
			children = (
				52DB74141FEBAA7B009E9289 /* Base */,
			);
			name = Main.storyboard;
			sourceTree = "<group>";
		};
		52DB741B1FEBAA7B009E9289 /* LaunchScreen.storyboard */ = {
			isa = PBXVariantGroup;
			children = (
				52DB741C1FEBAA7B009E9289 /* Base */,
			);
			name = LaunchScreen.storyboard;
			sourceTree = "<group>";
		};
/* End PBXVariantGroup section */

/* Begin XCBuildConfiguration section */
		52DB741F1FEBAA7B009E9289 /* Debug */ = {
			isa = XCBuildConfiguration;
			buildSettings = {
				ALWAYS_SEARCH_USER_PATHS = NO;
				CLANG_ANALYZER_NONNULL = YES;
				CLANG_ANALYZER_NUMBER_OBJECT_CONVERSION = YES_AGGRESSIVE;
				CLANG_CXX_LANGUAGE_STANDARD = "gnu++14";
				CLANG_CXX_LIBRARY = "libc++";
				CLANG_ENABLE_MODULES = YES;
				CLANG_ENABLE_OBJC_ARC = YES;
				CLANG_WARN_BLOCK_CAPTURE_AUTORELEASING = YES;
				CLANG_WARN_BOOL_CONVERSION = YES;
				CLANG_WARN_COMMA = YES;
				CLANG_WARN_CONSTANT_CONVERSION = YES;
				CLANG_WARN_DIRECT_OBJC_ISA_USAGE = YES_ERROR;
				CLANG_WARN_DOCUMENTATION_COMMENTS = YES;
				CLANG_WARN_EMPTY_BODY = YES;
				CLANG_WARN_ENUM_CONVERSION = YES;
				CLANG_WARN_INFINITE_RECURSION = YES;
				CLANG_WARN_INT_CONVERSION = YES;
				CLANG_WARN_NON_LITERAL_NULL_CONVERSION = YES;
				CLANG_WARN_OBJC_LITERAL_CONVERSION = YES;
				CLANG_WARN_OBJC_ROOT_CLASS = YES_ERROR;
				CLANG_WARN_RANGE_LOOP_ANALYSIS = YES;
				CLANG_WARN_STRICT_PROTOTYPES = YES;
				CLANG_WARN_SUSPICIOUS_MOVE = YES;
				CLANG_WARN_UNGUARDED_AVAILABILITY = YES_AGGRESSIVE;
				CLANG_WARN_UNREACHABLE_CODE = YES;
				CLANG_WARN__DUPLICATE_METHOD_MATCH = YES;
				CODE_SIGN_IDENTITY = "iPhone Developer";
				COPY_PHASE_STRIP = NO;
				DEBUG_INFORMATION_FORMAT = dwarf;
				ENABLE_STRICT_OBJC_MSGSEND = YES;
				ENABLE_TESTABILITY = YES;
				GCC_C_LANGUAGE_STANDARD = gnu11;
				GCC_DYNAMIC_NO_PIC = NO;
				GCC_NO_COMMON_BLOCKS = YES;
				GCC_OPTIMIZATION_LEVEL = 0;
				GCC_PREPROCESSOR_DEFINITIONS = (
					"DEBUG=1",
					"$(inherited)",
				);
				GCC_WARN_64_TO_32_BIT_CONVERSION = YES;
				GCC_WARN_ABOUT_RETURN_TYPE = YES_ERROR;
				GCC_WARN_UNDECLARED_SELECTOR = YES;
				GCC_WARN_UNINITIALIZED_AUTOS = YES_AGGRESSIVE;
				GCC_WARN_UNUSED_FUNCTION = YES;
				GCC_WARN_UNUSED_VARIABLE = YES;
				IPHONEOS_DEPLOYMENT_TARGET = 11.2;
				MTL_ENABLE_DEBUG_INFO = YES;
				ONLY_ACTIVE_ARCH = YES;
				SDKROOT = iphoneos;
				SWIFT_ACTIVE_COMPILATION_CONDITIONS = DEBUG;
				SWIFT_OPTIMIZATION_LEVEL = "-Onone";
			};
			name = Debug;
		};
		52DB74201FEBAA7B009E9289 /* Release */ = {
			isa = XCBuildConfiguration;
			buildSettings = {
				ALWAYS_SEARCH_USER_PATHS = NO;
				CLANG_ANALYZER_NONNULL = YES;
				CLANG_ANALYZER_NUMBER_OBJECT_CONVERSION = YES_AGGRESSIVE;
				CLANG_CXX_LANGUAGE_STANDARD = "gnu++14";
				CLANG_CXX_LIBRARY = "libc++";
				CLANG_ENABLE_MODULES = YES;
				CLANG_ENABLE_OBJC_ARC = YES;
				CLANG_WARN_BLOCK_CAPTURE_AUTORELEASING = YES;
				CLANG_WARN_BOOL_CONVERSION = YES;
				CLANG_WARN_COMMA = YES;
				CLANG_WARN_CONSTANT_CONVERSION = YES;
				CLANG_WARN_DIRECT_OBJC_ISA_USAGE = YES_ERROR;
				CLANG_WARN_DOCUMENTATION_COMMENTS = YES;
				CLANG_WARN_EMPTY_BODY = YES;
				CLANG_WARN_ENUM_CONVERSION = YES;
				CLANG_WARN_INFINITE_RECURSION = YES;
				CLANG_WARN_INT_CONVERSION = YES;
				CLANG_WARN_NON_LITERAL_NULL_CONVERSION = YES;
				CLANG_WARN_OBJC_LITERAL_CONVERSION = YES;
				CLANG_WARN_OBJC_ROOT_CLASS = YES_ERROR;
				CLANG_WARN_RANGE_LOOP_ANALYSIS = YES;
				CLANG_WARN_STRICT_PROTOTYPES = YES;
				CLANG_WARN_SUSPICIOUS_MOVE = YES;
				CLANG_WARN_UNGUARDED_AVAILABILITY = YES_AGGRESSIVE;
				CLANG_WARN_UNREACHABLE_CODE = YES;
				CLANG_WARN__DUPLICATE_METHOD_MATCH = YES;
				CODE_SIGN_IDENTITY = "iPhone Developer";
				COPY_PHASE_STRIP = NO;
				DEBUG_INFORMATION_FORMAT = "dwarf-with-dsym";
				ENABLE_NS_ASSERTIONS = NO;
				ENABLE_STRICT_OBJC_MSGSEND = YES;
				GCC_C_LANGUAGE_STANDARD = gnu11;
				GCC_NO_COMMON_BLOCKS = YES;
				GCC_WARN_64_TO_32_BIT_CONVERSION = YES;
				GCC_WARN_ABOUT_RETURN_TYPE = YES_ERROR;
				GCC_WARN_UNDECLARED_SELECTOR = YES;
				GCC_WARN_UNINITIALIZED_AUTOS = YES_AGGRESSIVE;
				GCC_WARN_UNUSED_FUNCTION = YES;
				GCC_WARN_UNUSED_VARIABLE = YES;
				IPHONEOS_DEPLOYMENT_TARGET = 11.2;
				MTL_ENABLE_DEBUG_INFO = NO;
				SDKROOT = iphoneos;
				SWIFT_OPTIMIZATION_LEVEL = "-Owholemodule";
				VALIDATE_PRODUCT = YES;
			};
			name = Release;
		};
		52DB74221FEBAA7B009E9289 /* Debug */ = {
			isa = XCBuildConfiguration;
			buildSettings = {
				ASSETCATALOG_COMPILER_APPICON_NAME = AppIcon;
				CODE_SIGN_STYLE = Automatic;
				DEVELOPMENT_TEAM = 3XTWW3558T;
				INFOPLIST_FILE = DreamLister/Info.plist;
				LD_RUNPATH_SEARCH_PATHS = "$(inherited) @executable_path/Frameworks";
				PRODUCT_BUNDLE_IDENTIFIER = mikkorouru.DreamLister;
				PRODUCT_NAME = "$(TARGET_NAME)";
				SWIFT_VERSION = 4.0;
				TARGETED_DEVICE_FAMILY = "1,2";
			};
			name = Debug;
		};
		52DB74231FEBAA7B009E9289 /* Release */ = {
			isa = XCBuildConfiguration;
			buildSettings = {
				ASSETCATALOG_COMPILER_APPICON_NAME = AppIcon;
				CODE_SIGN_STYLE = Automatic;
				DEVELOPMENT_TEAM = 3XTWW3558T;
				INFOPLIST_FILE = DreamLister/Info.plist;
				LD_RUNPATH_SEARCH_PATHS = "$(inherited) @executable_path/Frameworks";
				PRODUCT_BUNDLE_IDENTIFIER = mikkorouru.DreamLister;
				PRODUCT_NAME = "$(TARGET_NAME)";
				SWIFT_VERSION = 4.0;
				TARGETED_DEVICE_FAMILY = "1,2";
			};
			name = Release;
		};
/* End XCBuildConfiguration section */

/* Begin XCConfigurationList section */
		52DB74071FEBAA7A009E9289 /* Build configuration list for PBXProject "DreamLister" */ = {
			isa = XCConfigurationList;
			buildConfigurations = (
				52DB741F1FEBAA7B009E9289 /* Debug */,
				52DB74201FEBAA7B009E9289 /* Release */,
			);
			defaultConfigurationIsVisible = 0;
			defaultConfigurationName = Release;
		};
		52DB74211FEBAA7B009E9289 /* Build configuration list for PBXNativeTarget "DreamLister" */ = {
			isa = XCConfigurationList;
			buildConfigurations = (
				52DB74221FEBAA7B009E9289 /* Debug */,
				52DB74231FEBAA7B009E9289 /* Release */,
			);
			defaultConfigurationIsVisible = 0;
			defaultConfigurationName = Release;
		};
/* End XCConfigurationList section */

/* Begin XCVersionGroup section */
		52DB74161FEBAA7B009E9289 /* DreamLister.xcdatamodeld */ = {
			isa = XCVersionGroup;
			children = (
				52DB74171FEBAA7B009E9289 /* DreamLister.xcdatamodel */,
			);
			currentVersion = 52DB74171FEBAA7B009E9289 /* DreamLister.xcdatamodel */;
			path = DreamLister.xcdatamodeld;
			sourceTree = "<group>";
			versionGroupType = wrapper.xcdatamodel;
		};
/* End XCVersionGroup section */
	};
	rootObject = 52DB74041FEBAA7A009E9289 /* Project object */;
}
